# This file is automatically @generated by Poetry 1.4.2 and should not be changed by hand.

[[package]]
name = "boto3"
version = "1.28.81"
description = "The AWS SDK for Python"
category = "main"
optional = false
python-versions = ">= 3.7"
files = [
    {file = "boto3-1.28.81-py3-none-any.whl", hash = "sha256:66e457b5f1580eb1f29855d867dec743eeec42b3935372eee5e6730e5e3124df"},
    {file = "boto3-1.28.81.tar.gz", hash = "sha256:6ec7da884eed5c07e679d251bd5c66e4e2f64755ed98270a20323b241c54a743"},
]

[package.dependencies]
botocore = ">=1.31.81,<1.32.0"
jmespath = ">=0.7.1,<2.0.0"
s3transfer = ">=0.7.0,<0.8.0"

[package.extras]
crt = ["botocore[crt] (>=1.21.0,<2.0a0)"]

[package.source]
type = "legacy"
url = "http://169.254.255.254:20641/jammy/simple"
reference = "YelpPyPi"

[[package]]
name = "botocore"
version = "1.31.81"
description = "Low-level, data-driven core of boto 3."
category = "main"
optional = false
python-versions = ">= 3.7"
files = [
    {file = "botocore-1.31.81-py3-none-any.whl", hash = "sha256:eeb09a77c3e931667c9442565e8697e89e685089912a96d95f65b63e4b2c8c71"},
    {file = "botocore-1.31.81.tar.gz", hash = "sha256:afb0886c5a5a542f763cc1644b1c1b4a783698d79980eb48052d1676d6b3d14e"},
]

[package.dependencies]
jmespath = ">=0.7.1,<2.0.0"
python-dateutil = ">=2.1,<3.0.0"
urllib3 = {version = ">=1.25.4,<2.1", markers = "python_version >= \"3.10\""}

[package.extras]
crt = ["awscrt (==0.16.26)"]

[package.source]
type = "legacy"
url = "http://169.254.255.254:20641/jammy/simple"
reference = "YelpPyPi"

[[package]]
name = "jmespath"
version = "1.0.1"
description = "JSON Matching Expressions"
category = "main"
optional = false
python-versions = ">=3.7"
files = [
    {file = "jmespath-1.0.1-py3-none-any.whl", hash = "sha256:02e2e4cc71b5bcab88332eebf907519190dd9e6e82107fa7f83b1003a6252980"},
    {file = "jmespath-1.0.1.tar.gz", hash = "sha256:90261b206d6defd58fdd5e85f478bf633a2901798906be2ad389150c5c60edbe"},
]

[package.source]
type = "legacy"
url = "http://169.254.255.254:20641/jammy/simple"
reference = "YelpPyPi"

[[package]]
name = "policyuniverse"
version = "1.5.1.20230817"
description = "Parse and Process AWS IAM Policies, Statements, ARNs, and wildcards."
category = "main"
optional = false
python-versions = ">=3.7"
files = [
    {file = "policyuniverse-1.5.1.20230817-py2.py3-none-any.whl", hash = "sha256:6317928273b18de8ed28ddf9f06faf501e044344d86f86b7681817fb32fff67a"},
    {file = "policyuniverse-1.5.1.20230817.tar.gz", hash = "sha256:7920896195af163230635f1a5cee0958f56003ef8c421f805ec81f134f80a57c"},
]

[package.extras]
dev = ["black", "pre-commit"]
tests = ["bandit", "coveralls", "pytest"]

[package.source]
type = "legacy"
url = "http://169.254.255.254:20641/jammy/simple"
reference = "YelpPyPi"

[[package]]
name = "python-dateutil"
version = "2.8.2"
description = "Extensions to the standard Python datetime module"
category = "main"
optional = false
python-versions = "!=3.0.*,!=3.1.*,!=3.2.*,>=2.7"
files = [
    {file = "python-dateutil-2.8.2.tar.gz", hash = "sha256:0123cacc1627ae19ddf3c27a5de5bd67ee4586fbdd6440d9748f8abb483d3e86"},
    {file = "python_dateutil-2.8.2-py2.py3-none-any.whl", hash = "sha256:961d03dc3453ebbc59dbdea9e4e11c5651520a876d0f4db161e8674aae935da9"},
]

[package.dependencies]
six = ">=1.5"

[package.source]
type = "legacy"
url = "http://169.254.255.254:20641/jammy/simple"
reference = "YelpPyPi"

[[package]]
name = "pyyaml"
version = "6.0.2"
description = "YAML parser and emitter for Python"
category = "main"
optional = false
python-versions = ">=3.8"
files = [
    {file = "PyYAML-6.0.2-cp310-cp310-manylinux_2_17_aarch64.manylinux2014_aarch64.whl", hash = "sha256:8824b5a04a04a047e72eea5cec3bc266db09e35de6bdfe34c9436ac5ee27d237"},
    {file = "PyYAML-6.0.2-cp310-cp310-manylinux_2_17_s390x.manylinux2014_s390x.whl", hash = "sha256:7c36280e6fb8385e520936c3cb3b8042851904eba0e58d277dca80a5cfed590b"},
    {file = "PyYAML-6.0.2-cp310-cp310-manylinux_2_17_x86_64.manylinux2014_x86_64.whl", hash = "sha256:ec031d5d2feb36d1d1a24380e4db6d43695f3748343d99434e6f5f9156aaa2ed"},
    {file = "PyYAML-6.0.2-cp311-cp311-manylinux_2_17_aarch64.manylinux2014_aarch64.whl", hash = "sha256:5d225db5a45f21e78dd9358e58a98702a0302f2659a3c6cd320564b75b86f47c"},
    {file = "PyYAML-6.0.2-cp311-cp311-manylinux_2_17_s390x.manylinux2014_s390x.whl", hash = "sha256:5ac9328ec4831237bec75defaf839f7d4564be1e6b25ac710bd1a96321cc8317"},
    {file = "PyYAML-6.0.2-cp311-cp311-manylinux_2_17_x86_64.manylinux2014_x86_64.whl", hash = "sha256:3ad2a3decf9aaba3d29c8f537ac4b243e36bef957511b4766cb0057d32b0be85"},
    {file = "PyYAML-6.0.2-cp312-cp312-manylinux_2_17_aarch64.manylinux2014_aarch64.whl", hash = "sha256:1f71ea527786de97d1a0cc0eacd1defc0985dcf6b3f17bb77dcfc8c34bec4dc5"},
    {file = "PyYAML-6.0.2-cp312-cp312-manylinux_2_17_s390x.manylinux2014_s390x.whl", hash = "sha256:9b22676e8097e9e22e36d6b7bda33190d0d400f345f23d4065d48f4ca7ae0425"},
    {file = "PyYAML-6.0.2-cp312-cp312-manylinux_2_17_x86_64.manylinux2014_x86_64.whl", hash = "sha256:80bab7bfc629882493af4aa31a4cfa43a4c57c83813253626916b8c7ada83476"},
    {file = "PyYAML-6.0.2-cp313-cp313-manylinux_2_17_aarch64.manylinux2014_aarch64.whl", hash = "sha256:0ffe8360bab4910ef1b9e87fb812d8bc0a308b0d0eef8c8f44e0254ab3b07133"},
    {file = "PyYAML-6.0.2-cp313-cp313-manylinux_2_17_s390x.manylinux2014_s390x.whl", hash = "sha256:17e311b6c678207928d649faa7cb0d7b4c26a0ba73d41e99c4fff6b6c3276484"},
    {file = "PyYAML-6.0.2-cp313-cp313-manylinux_2_17_x86_64.manylinux2014_x86_64.whl", hash = "sha256:70b189594dbe54f75ab3a1acec5f1e3faa7e8cf2f1e08d9b561cb41b845f69d5"},
    {file = "PyYAML-6.0.2-cp38-cp38-manylinux_2_17_aarch64.manylinux2014_aarch64.whl", hash = "sha256:d7fded462629cfa4b685c5416b949ebad6cec74af5e2d42905d41e257e0869f5"},
    {file = "PyYAML-6.0.2-cp38-cp38-manylinux_2_17_s390x.manylinux2014_s390x.whl", hash = "sha256:d84a1718ee396f54f3a086ea0a66d8e552b2ab2017ef8b420e92edbc841c352d"},
    {file = "PyYAML-6.0.2-cp38-cp38-manylinux_2_17_x86_64.manylinux2014_x86_64.whl", hash = "sha256:9056c1ecd25795207ad294bcf39f2db3d845767be0ea6e6a34d856f006006083"},
    {file = "PyYAML-6.0.2-cp39-cp39-manylinux_2_17_aarch64.manylinux2014_aarch64.whl", hash = "sha256:d8e03406cac8513435335dbab54c0d385e4a49e4945d2909a581c83647ca0290"},
    {file = "PyYAML-6.0.2-cp39-cp39-manylinux_2_17_s390x.manylinux2014_s390x.whl", hash = "sha256:f753120cb8181e736c57ef7636e83f31b9c0d1722c516f7e86cf15b7aa57ff12"},
    {file = "PyYAML-6.0.2-cp39-cp39-manylinux_2_17_x86_64.manylinux2014_x86_64.whl", hash = "sha256:3b1fdb9dc17f5a7677423d508ab4f243a726dea51fa5e70992e59a7411c89d19"},
    {file = "pyyaml-6.0.2.tar.gz", hash = "sha256:d584d9ec91ad65861cc08d42e834324ef890a082e591037abe114850ff7bbc3e"},
]

[package.source]
type = "legacy"
url = "http://169.254.255.254:20641/jammy/simple"
reference = "YelpPyPi"

[[package]]
name = "s3transfer"
version = "0.7.0"
description = "An Amazon S3 Transfer Manager"
category = "main"
optional = false
python-versions = ">= 3.7"
files = [
    {file = "s3transfer-0.7.0-py3-none-any.whl", hash = "sha256:10d6923c6359175f264811ef4bf6161a3156ce8e350e705396a7557d6293c33a"},
    {file = "s3transfer-0.7.0.tar.gz", hash = "sha256:fd3889a66f5fe17299fe75b82eae6cf722554edca744ca5d5fe308b104883d2e"},
]

[package.dependencies]
botocore = ">=1.12.36,<2.0a.0"

[package.extras]
crt = ["botocore[crt] (>=1.20.29,<2.0a.0)"]

[package.source]
type = "legacy"
url = "http://169.254.255.254:20641/jammy/simple"
reference = "YelpPyPi"

[[package]]
name = "six"
version = "1.16.0"
description = "Python 2 and 3 compatibility utilities"
category = "main"
optional = false
python-versions = ">=2.7, !=3.0.*, !=3.1.*, !=3.2.*"
files = [
    {file = "six-1.16.0-py2.py3-none-any.whl", hash = "sha256:8abb2f1d86890a2dfb989f9a77cfcfd3e47c2a354b01111771326f8aa26e0254"},
    {file = "six-1.16.0.tar.gz", hash = "sha256:1e61c37477a1626458e36f7b1d82aa5c9b094fa4802892072e49de9c60c4c926"},
]

[package.source]
type = "legacy"
url = "http://169.254.255.254:20641/jammy/simple"
reference = "YelpPyPi"

[[package]]
name = "urllib3"
version = "2.0.7"
description = "HTTP library with thread-safe connection pooling, file post, and more."
category = "main"
optional = false
python-versions = ">=3.7"
files = [
    {file = "urllib3-2.0.7-py3-none-any.whl", hash = "sha256:fdb6d215c776278489906c2f8916e6e7d4f5a9b602ccbcfdf7f016fc8da0596e"},
    {file = "urllib3-2.0.7.tar.gz", hash = "sha256:c97dfde1f7bd43a71c8d2a58e369e9b2bf692d1334ea9f9cae55add7d0dd0f84"},
]

[package.extras]
brotli = ["brotli (>=1.0.9)", "brotlicffi (>=0.8.0)"]
secure = ["certifi", "cryptography (>=1.9)", "idna (>=2.0.0)", "pyopenssl (>=17.1.0)", "urllib3-secure-extra"]
socks = ["pysocks (>=1.5.6,!=1.5.7,<2.0)"]
zstd = ["zstandard (>=0.18.0)"]

[package.source]
type = "legacy"
url = "http://169.254.255.254:20641/jammy/simple"
reference = "YelpPyPi"

[metadata]
lock-version = "2.0"
python-versions = "^3.10"
content-hash = "c3e98663db87ecac7bd3e9ba622ce27c88dcfb60a1f00bd1e6b5d2b3956f3a5b"
